
Microsoft Visual Studio Solution File, Format Version 12.00
# Visual Studio Version 17
VisualStudioVersion = 17.2.32602.215
MinimumVisualStudioVersion = 10.0.40219.1
Project("{9A19103F-16F7-4668-BE54-9A1E7A4F7556}") = "MetaDslx.CodeAnalysis.Common", "Main\MetaDslx.CodeAnalysis.Common\MetaDslx.CodeAnalysis.Common.csproj", "{43539253-8FEC-4C54-8D81-8BDF7BAA7DA7}"
EndProject
Project("{9A19103F-16F7-4668-BE54-9A1E7A4F7556}") = "MetaDslx.Bootstrap.Core", "Bootstrap\MetaDslx.Bootstrap.Core\MetaDslx.Bootstrap.Core.csproj", "{BC479ABC-754D-4685-B5E3-EBE37BA66EEC}"
EndProject
Project("{9A19103F-16F7-4668-BE54-9A1E7A4F7556}") = "MetaDslx.CodeAnalysis.Analyzers", "Main\MetaDslx.CodeAnalysis.Analyzers\MetaDslx.CodeAnalysis.Analyzers.csproj", "{328E490B-D892-420D-8E22-397AF278A9A5}"
EndProject
Project("{9A19103F-16F7-4668-BE54-9A1E7A4F7556}") = "MetaDslx.CodeAnalysis", "Main\MetaDslx.CodeAnalysis\MetaDslx.CodeAnalysis.csproj", "{D89EFDC3-9EF5-4F8D-9612-133CE1F6F8A7}"
EndProject
Project("{9A19103F-16F7-4668-BE54-9A1E7A4F7556}") = "MetaDslx.CodeAnalysis.Antlr4", "Main\MetaDslx.CodeAnalysis.Antlr4\MetaDslx.CodeAnalysis.Antlr4.csproj", "{FF66A465-A45B-4129-B159-9385A685481A}"
EndProject
Project("{9A19103F-16F7-4668-BE54-9A1E7A4F7556}") = "MetaDslx.Bootstrap.Antlr4", "Bootstrap\MetaDslx.Bootstrap.Antlr4\MetaDslx.Bootstrap.Antlr4.csproj", "{5BC0FE38-F930-4CD7-A13F-4178D2B5C3AE}"
EndProject
Project("{9A19103F-16F7-4668-BE54-9A1E7A4F7556}") = "MetaDslx.Languages.Core", "Main\MetaDslx.Languages.Core\MetaDslx.Languages.Core.csproj", "{D5B99DBB-6CB5-470A-9D8E-08EB837BF4EE}"
EndProject
Project("{9A19103F-16F7-4668-BE54-9A1E7A4F7556}") = "MetaDslx.Bootstrap.CodeGeneration", "Bootstrap\MetaDslx.Bootstrap.CodeGeneration\MetaDslx.Bootstrap.CodeGeneration.csproj", "{39592F1C-C6DF-4552-BF66-698E8E8DA95E}"
EndProject
Project("{FAE04EC0-301F-11D3-BF4B-00C04F79EFBC}") = "MetaDslx.VisualStudio", "Main\MetaDslx.VisualStudio\MetaDslx.VisualStudio.csproj", "{B17A0FB8-AE2A-4E90-8635-5D779F546402}"
EndProject
Project("{FAE04EC0-301F-11D3-BF4B-00C04F79EFBC}") = "MetaDslx.LanguageServer", "Main\MetaDslx.LanguageServer\MetaDslx.LanguageServer.csproj", "{93DFE236-1BE9-40EE-938E-BCC7C6EEF9CF}"
EndProject
Project("{FAE04EC0-301F-11D3-BF4B-00C04F79EFBC}") = "MetaDslx.LanguageServer.Host.Stdio", "Main\MetaDslx.LanguageServer.Host.Stdio\MetaDslx.LanguageServer.Host.Stdio.csproj", "{B04D836B-3504-45F0-8EB4-AAC561C5E4FD}"
EndProject
Global
	GlobalSection(SolutionConfigurationPlatforms) = preSolution
		Debug|Any CPU = Debug|Any CPU
		Debug|x86 = Debug|x86
		Release|Any CPU = Release|Any CPU
		Release|x86 = Release|x86
	EndGlobalSection
	GlobalSection(ProjectConfigurationPlatforms) = postSolution
		{43539253-8FEC-4C54-8D81-8BDF7BAA7DA7}.Debug|Any CPU.ActiveCfg = Debug|Any CPU
		{43539253-8FEC-4C54-8D81-8BDF7BAA7DA7}.Debug|Any CPU.Build.0 = Debug|Any CPU
		{43539253-8FEC-4C54-8D81-8BDF7BAA7DA7}.Debug|x86.ActiveCfg = Debug|Any CPU
		{43539253-8FEC-4C54-8D81-8BDF7BAA7DA7}.Debug|x86.Build.0 = Debug|Any CPU
		{43539253-8FEC-4C54-8D81-8BDF7BAA7DA7}.Release|Any CPU.ActiveCfg = Release|Any CPU
		{43539253-8FEC-4C54-8D81-8BDF7BAA7DA7}.Release|Any CPU.Build.0 = Release|Any CPU
		{43539253-8FEC-4C54-8D81-8BDF7BAA7DA7}.Release|x86.ActiveCfg = Release|Any CPU
		{43539253-8FEC-4C54-8D81-8BDF7BAA7DA7}.Release|x86.Build.0 = Release|Any CPU
		{BC479ABC-754D-4685-B5E3-EBE37BA66EEC}.Debug|Any CPU.ActiveCfg = Debug|Any CPU
		{BC479ABC-754D-4685-B5E3-EBE37BA66EEC}.Debug|Any CPU.Build.0 = Debug|Any CPU
		{BC479ABC-754D-4685-B5E3-EBE37BA66EEC}.Debug|x86.ActiveCfg = Debug|Any CPU
		{BC479ABC-754D-4685-B5E3-EBE37BA66EEC}.Debug|x86.Build.0 = Debug|Any CPU
		{BC479ABC-754D-4685-B5E3-EBE37BA66EEC}.Release|Any CPU.ActiveCfg = Release|Any CPU
		{BC479ABC-754D-4685-B5E3-EBE37BA66EEC}.Release|Any CPU.Build.0 = Release|Any CPU
		{BC479ABC-754D-4685-B5E3-EBE37BA66EEC}.Release|x86.ActiveCfg = Release|Any CPU
		{BC479ABC-754D-4685-B5E3-EBE37BA66EEC}.Release|x86.Build.0 = Release|Any CPU
		{328E490B-D892-420D-8E22-397AF278A9A5}.Debug|Any CPU.ActiveCfg = Debug|Any CPU
		{328E490B-D892-420D-8E22-397AF278A9A5}.Debug|Any CPU.Build.0 = Debug|Any CPU
		{328E490B-D892-420D-8E22-397AF278A9A5}.Debug|x86.ActiveCfg = Debug|Any CPU
		{328E490B-D892-420D-8E22-397AF278A9A5}.Debug|x86.Build.0 = Debug|Any CPU
		{328E490B-D892-420D-8E22-397AF278A9A5}.Release|Any CPU.ActiveCfg = Release|Any CPU
		{328E490B-D892-420D-8E22-397AF278A9A5}.Release|Any CPU.Build.0 = Release|Any CPU
		{328E490B-D892-420D-8E22-397AF278A9A5}.Release|x86.ActiveCfg = Release|Any CPU
		{328E490B-D892-420D-8E22-397AF278A9A5}.Release|x86.Build.0 = Release|Any CPU
		{D89EFDC3-9EF5-4F8D-9612-133CE1F6F8A7}.Debug|Any CPU.ActiveCfg = Debug|Any CPU
		{D89EFDC3-9EF5-4F8D-9612-133CE1F6F8A7}.Debug|Any CPU.Build.0 = Debug|Any CPU
		{D89EFDC3-9EF5-4F8D-9612-133CE1F6F8A7}.Debug|x86.ActiveCfg = Debug|Any CPU
		{D89EFDC3-9EF5-4F8D-9612-133CE1F6F8A7}.Debug|x86.Build.0 = Debug|Any CPU
		{D89EFDC3-9EF5-4F8D-9612-133CE1F6F8A7}.Release|Any CPU.ActiveCfg = Release|Any CPU
		{D89EFDC3-9EF5-4F8D-9612-133CE1F6F8A7}.Release|Any CPU.Build.0 = Release|Any CPU
		{D89EFDC3-9EF5-4F8D-9612-133CE1F6F8A7}.Release|x86.ActiveCfg = Release|Any CPU
		{D89EFDC3-9EF5-4F8D-9612-133CE1F6F8A7}.Release|x86.Build.0 = Release|Any CPU
		{FF66A465-A45B-4129-B159-9385A685481A}.Debug|Any CPU.ActiveCfg = Debug|Any CPU
		{FF66A465-A45B-4129-B159-9385A685481A}.Debug|Any CPU.Build.0 = Debug|Any CPU
		{FF66A465-A45B-4129-B159-9385A685481A}.Debug|x86.ActiveCfg = Debug|Any CPU
		{FF66A465-A45B-4129-B159-9385A685481A}.Debug|x86.Build.0 = Debug|Any CPU
		{FF66A465-A45B-4129-B159-9385A685481A}.Release|Any CPU.ActiveCfg = Release|Any CPU
		{FF66A465-A45B-4129-B159-9385A685481A}.Release|Any CPU.Build.0 = Release|Any CPU
		{FF66A465-A45B-4129-B159-9385A685481A}.Release|x86.ActiveCfg = Release|Any CPU
		{FF66A465-A45B-4129-B159-9385A685481A}.Release|x86.Build.0 = Release|Any CPU
		{5BC0FE38-F930-4CD7-A13F-4178D2B5C3AE}.Debug|Any CPU.ActiveCfg = Debug|Any CPU
		{5BC0FE38-F930-4CD7-A13F-4178D2B5C3AE}.Debug|Any CPU.Build.0 = Debug|Any CPU
		{5BC0FE38-F930-4CD7-A13F-4178D2B5C3AE}.Debug|x86.ActiveCfg = Debug|Any CPU
		{5BC0FE38-F930-4CD7-A13F-4178D2B5C3AE}.Debug|x86.Build.0 = Debug|Any CPU
		{5BC0FE38-F930-4CD7-A13F-4178D2B5C3AE}.Release|Any CPU.ActiveCfg = Release|Any CPU
		{5BC0FE38-F930-4CD7-A13F-4178D2B5C3AE}.Release|Any CPU.Build.0 = Release|Any CPU
		{5BC0FE38-F930-4CD7-A13F-4178D2B5C3AE}.Release|x86.ActiveCfg = Release|Any CPU
		{5BC0FE38-F930-4CD7-A13F-4178D2B5C3AE}.Release|x86.Build.0 = Release|Any CPU
		{D5B99DBB-6CB5-470A-9D8E-08EB837BF4EE}.Debug|Any CPU.ActiveCfg = Debug|Any CPU
		{D5B99DBB-6CB5-470A-9D8E-08EB837BF4EE}.Debug|Any CPU.Build.0 = Debug|Any CPU
		{D5B99DBB-6CB5-470A-9D8E-08EB837BF4EE}.Debug|x86.ActiveCfg = Debug|Any CPU
		{D5B99DBB-6CB5-470A-9D8E-08EB837BF4EE}.Debug|x86.Build.0 = Debug|Any CPU
		{D5B99DBB-6CB5-470A-9D8E-08EB837BF4EE}.Release|Any CPU.ActiveCfg = Release|Any CPU
		{D5B99DBB-6CB5-470A-9D8E-08EB837BF4EE}.Release|Any CPU.Build.0 = Release|Any CPU
		{D5B99DBB-6CB5-470A-9D8E-08EB837BF4EE}.Release|x86.ActiveCfg = Release|Any CPU
		{D5B99DBB-6CB5-470A-9D8E-08EB837BF4EE}.Release|x86.Build.0 = Release|Any CPU
		{39592F1C-C6DF-4552-BF66-698E8E8DA95E}.Debug|Any CPU.ActiveCfg = Debug|Any CPU
		{39592F1C-C6DF-4552-BF66-698E8E8DA95E}.Debug|Any CPU.Build.0 = Debug|Any CPU
		{39592F1C-C6DF-4552-BF66-698E8E8DA95E}.Debug|x86.ActiveCfg = Debug|Any CPU
		{39592F1C-C6DF-4552-BF66-698E8E8DA95E}.Debug|x86.Build.0 = Debug|Any CPU
		{39592F1C-C6DF-4552-BF66-698E8E8DA95E}.Release|Any CPU.ActiveCfg = Release|Any CPU
		{39592F1C-C6DF-4552-BF66-698E8E8DA95E}.Release|Any CPU.Build.0 = Release|Any CPU
		{39592F1C-C6DF-4552-BF66-698E8E8DA95E}.Release|x86.ActiveCfg = Release|Any CPU
		{39592F1C-C6DF-4552-BF66-698E8E8DA95E}.Release|x86.Build.0 = Release|Any CPU
		{B17A0FB8-AE2A-4E90-8635-5D779F546402}.Debug|Any CPU.ActiveCfg = Debug|Any CPU
		{B17A0FB8-AE2A-4E90-8635-5D779F546402}.Debug|Any CPU.Build.0 = Debug|Any CPU
		{B17A0FB8-AE2A-4E90-8635-5D779F546402}.Debug|x86.ActiveCfg = Debug|x86
		{B17A0FB8-AE2A-4E90-8635-5D779F546402}.Debug|x86.Build.0 = Debug|x86
		{B17A0FB8-AE2A-4E90-8635-5D779F546402}.Release|Any CPU.ActiveCfg = Release|Any CPU
		{B17A0FB8-AE2A-4E90-8635-5D779F546402}.Release|Any CPU.Build.0 = Release|Any CPU
		{B17A0FB8-AE2A-4E90-8635-5D779F546402}.Release|x86.ActiveCfg = Release|x86
		{B17A0FB8-AE2A-4E90-8635-5D779F546402}.Release|x86.Build.0 = Release|x86
		{93DFE236-1BE9-40EE-938E-BCC7C6EEF9CF}.Debug|Any CPU.ActiveCfg = Debug|Any CPU
		{93DFE236-1BE9-40EE-938E-BCC7C6EEF9CF}.Debug|Any CPU.Build.0 = Debug|Any CPU
		{93DFE236-1BE9-40EE-938E-BCC7C6EEF9CF}.Debug|x86.ActiveCfg = Debug|Any CPU
		{93DFE236-1BE9-40EE-938E-BCC7C6EEF9CF}.Debug|x86.Build.0 = Debug|Any CPU
		{93DFE236-1BE9-40EE-938E-BCC7C6EEF9CF}.Release|Any CPU.ActiveCfg = Release|Any CPU
		{93DFE236-1BE9-40EE-938E-BCC7C6EEF9CF}.Release|Any CPU.Build.0 = Release|Any CPU
		{93DFE236-1BE9-40EE-938E-BCC7C6EEF9CF}.Release|x86.ActiveCfg = Release|Any CPU
		{93DFE236-1BE9-40EE-938E-BCC7C6EEF9CF}.Release|x86.Build.0 = Release|Any CPU
		{B04D836B-3504-45F0-8EB4-AAC561C5E4FD}.Debug|Any CPU.ActiveCfg = Debug|Any CPU
		{B04D836B-3504-45F0-8EB4-AAC561C5E4FD}.Debug|Any CPU.Build.0 = Debug|Any CPU
		{B04D836B-3504-45F0-8EB4-AAC561C5E4FD}.Debug|x86.ActiveCfg = Debug|Any CPU
		{B04D836B-3504-45F0-8EB4-AAC561C5E4FD}.Debug|x86.Build.0 = Debug|Any CPU
		{B04D836B-3504-45F0-8EB4-AAC561C5E4FD}.Release|Any CPU.ActiveCfg = Release|Any CPU
		{B04D836B-3504-45F0-8EB4-AAC561C5E4FD}.Release|Any CPU.Build.0 = Release|Any CPU
		{B04D836B-3504-45F0-8EB4-AAC561C5E4FD}.Release|x86.ActiveCfg = Release|Any CPU
		{B04D836B-3504-45F0-8EB4-AAC561C5E4FD}.Release|x86.Build.0 = Release|Any CPU
	EndGlobalSection
	GlobalSection(SolutionProperties) = preSolution
		HideSolutionNode = FALSE
	EndGlobalSection
	GlobalSection(ExtensibilityGlobals) = postSolution
		SolutionGuid = {3E055EE7-36AF-40AA-BF64-64EF962E31AF}
	EndGlobalSection
EndGlobal
