
Microsoft Visual Studio Solution File, Format Version 12.00
# Visual Studio Version 17
VisualStudioVersion = 17.2.32602.215
MinimumVisualStudioVersion = 10.0.40219.1
Project("{9A19103F-16F7-4668-BE54-9A1E7A4F7556}") = "MetaDslx.CodeAnalysis.Common", "Main\MetaDslx.CodeAnalysis.Common\MetaDslx.CodeAnalysis.Common.csproj", "{43539253-8FEC-4C54-8D81-8BDF7BAA7DA7}"
EndProject
Project("{9A19103F-16F7-4668-BE54-9A1E7A4F7556}") = "MetaDslx.CodeAnalysis", "Main\MetaDslx.CodeAnalysis\MetaDslx.CodeAnalysis.csproj", "{D89EFDC3-9EF5-4F8D-9612-133CE1F6F8A7}"
EndProject
Project("{9A19103F-16F7-4668-BE54-9A1E7A4F7556}") = "MetaDslx.Languages.MetaCompiler.Antlr", "Main\MetaDslx.Languages.MetaCompiler.Antlr\MetaDslx.Languages.MetaCompiler.Antlr.csproj", "{FF66A465-A45B-4129-B159-9385A685481A}"
EndProject
Project("{FAE04EC0-301F-11D3-BF4B-00C04F79EFBC}") = "MetaDslx.VisualStudio", "Main\MetaDslx.VisualStudio\MetaDslx.VisualStudio.csproj", "{B17A0FB8-AE2A-4E90-8635-5D779F546402}"
	ProjectSection(ProjectDependencies) = postProject
		{B04D836B-3504-45F0-8EB4-AAC561C5E4FD} = {B04D836B-3504-45F0-8EB4-AAC561C5E4FD}
	EndProjectSection
EndProject
Project("{9A19103F-16F7-4668-BE54-9A1E7A4F7556}") = "MetaDslx.LanguageServer", "Main\MetaDslx.LanguageServer\MetaDslx.LanguageServer.csproj", "{93DFE236-1BE9-40EE-938E-BCC7C6EEF9CF}"
EndProject
Project("{9A19103F-16F7-4668-BE54-9A1E7A4F7556}") = "MetaDslx.LanguageServer.Host.Stdio", "Main\MetaDslx.LanguageServer.Host.Stdio\MetaDslx.LanguageServer.Host.Stdio.csproj", "{B04D836B-3504-45F0-8EB4-AAC561C5E4FD}"
EndProject
Project("{9A19103F-16F7-4668-BE54-9A1E7A4F7556}") = "MetaDslx.NetStandard20Extensions", "Main\MetaDslx.NetStandard20Extensions\MetaDslx.NetStandard20Extensions.csproj", "{32E5BBB2-84EB-4847-9E85-DC3652A841FF}"
EndProject
Project("{9A19103F-16F7-4668-BE54-9A1E7A4F7556}") = "MetaDslx.Languages.Uml-v2.5.1", "Languages\MetaDslx.Languages.Uml-v2.5.1\MetaDslx.Languages.Uml-v2.5.1.csproj", "{EDFA6C05-677C-410B-B510-27F14B9B4E20}"
EndProject
Project("{9A19103F-16F7-4668-BE54-9A1E7A4F7556}") = "MetaDslx.Examples.Uml", "Examples\MetaDslx.Examples.Uml\MetaDslx.Examples.Uml.csproj", "{C13F5E78-1CDD-48F9-ADDD-CFB79F2A9155}"
EndProject
Project("{9A19103F-16F7-4668-BE54-9A1E7A4F7556}") = "MetaDslx.Languages.MetaGenerator", "Main\MetaDslx.Languages.MetaGenerator\MetaDslx.Languages.MetaGenerator.csproj", "{95212699-0E82-40A4-907C-E348A58F6ADE}"
EndProject
Project("{9A19103F-16F7-4668-BE54-9A1E7A4F7556}") = "MetaDslx.Languages.MetaCompiler", "Main\MetaDslx.Languages.MetaCompiler\MetaDslx.Languages.MetaCompiler.csproj", "{594E745B-CC1E-4BA2-A2D6-BED7FE44B5D2}"
EndProject
Project("{9A19103F-16F7-4668-BE54-9A1E7A4F7556}") = "MetaDslx.Bootstrap.MetaCompiler", "Bootstrap\MetaDslx.Bootstrap.MetaCompiler\MetaDslx.Bootstrap.MetaCompiler.csproj", "{D2ED2231-2234-4AE8-8BEF-4B77D04B3390}"
EndProject
Project("{9A19103F-16F7-4668-BE54-9A1E7A4F7556}") = "MetaDslx.Languages.MetaModel", "Main\MetaDslx.Languages.MetaModel\MetaDslx.Languages.MetaModel.csproj", "{441E9F61-FCD4-44DA-A9F4-7124E1214C55}"
EndProject
Project("{9A19103F-16F7-4668-BE54-9A1E7A4F7556}") = "MetaDslx.Examples.Sandy", "Examples\MetaDslx.Examples.Sandy\MetaDslx.Examples.Sandy.csproj", "{4E33E782-F37F-40C8-8D0D-D281A5A0EBA2}"
EndProject
Project("{9A19103F-16F7-4668-BE54-9A1E7A4F7556}") = "MetaDslx.Examples.MetaModel", "Examples\MetaDslx.Examples.MetaModel\MetaDslx.Examples.MetaModel.csproj", "{D9AA545D-FE15-4AE3-AF1D-53573A0877A6}"
EndProject
Project("{9A19103F-16F7-4668-BE54-9A1E7A4F7556}") = "MetaDslx.Languages.MetaSymbols", "Main\MetaDslx.Languages.MetaSymbols\MetaDslx.Languages.MetaSymbols.csproj", "{A5EF4AED-DA48-4D33-BC17-D302B3E46DE3}"
EndProject
Project("{9A19103F-16F7-4668-BE54-9A1E7A4F7556}") = "MetaDslx.CodeAnalysis.Core", "Main\MetaDslx.CodeAnalysis.Core\MetaDslx.CodeAnalysis.Core.csproj", "{B913C6F2-9AE8-47F3-87A0-F26D2323E0A5}"
EndProject
Project("{9A19103F-16F7-4668-BE54-9A1E7A4F7556}") = "MetaDslx.Modeling", "Main\MetaDslx.Modeling\MetaDslx.Modeling.csproj", "{81DBD0F8-2FBA-4FC4-AEE5-837C36E67530}"
EndProject
Project("{9A19103F-16F7-4668-BE54-9A1E7A4F7556}") = "MetaDslx.CodeAnalysis.Parsers.Antlr", "Main\MetaDslx.CodeAnalysis.Parsers.Antlr\MetaDslx.CodeAnalysis.Parsers.Antlr.csproj", "{1635A5DB-6336-4AD5-AA87-AA568E352DA8}"
EndProject
Project("{9A19103F-16F7-4668-BE54-9A1E7A4F7556}") = "MetaDslx.Bootstrap.MetaModel", "Bootstrap\MetaDslx.Bootstrap.MetaModel\MetaDslx.Bootstrap.MetaModel.csproj", "{517CBACC-CA27-4110-8939-5F36F3F695B2}"
EndProject
Project("{9A19103F-16F7-4668-BE54-9A1E7A4F7556}") = "MetaDslx.CodeAnalysis.Analyzers", "Main\MetaDslx.CodeAnalysis.Analyzers\MetaDslx.CodeAnalysis.Analyzers.csproj", "{F17FB7CC-0C5B-46F0-9994-7E8BDC2B4501}"
EndProject
Global
	GlobalSection(SolutionConfigurationPlatforms) = preSolution
		Debug|Any CPU = Debug|Any CPU
		Debug|x86 = Debug|x86
		Release|Any CPU = Release|Any CPU
		Release|x86 = Release|x86
	EndGlobalSection
	GlobalSection(ProjectConfigurationPlatforms) = postSolution
		{43539253-8FEC-4C54-8D81-8BDF7BAA7DA7}.Debug|Any CPU.ActiveCfg = Debug|Any CPU
		{43539253-8FEC-4C54-8D81-8BDF7BAA7DA7}.Debug|Any CPU.Build.0 = Debug|Any CPU
		{43539253-8FEC-4C54-8D81-8BDF7BAA7DA7}.Debug|x86.ActiveCfg = Debug|Any CPU
		{43539253-8FEC-4C54-8D81-8BDF7BAA7DA7}.Debug|x86.Build.0 = Debug|Any CPU
		{43539253-8FEC-4C54-8D81-8BDF7BAA7DA7}.Release|Any CPU.ActiveCfg = Release|Any CPU
		{43539253-8FEC-4C54-8D81-8BDF7BAA7DA7}.Release|Any CPU.Build.0 = Release|Any CPU
		{43539253-8FEC-4C54-8D81-8BDF7BAA7DA7}.Release|x86.ActiveCfg = Release|Any CPU
		{43539253-8FEC-4C54-8D81-8BDF7BAA7DA7}.Release|x86.Build.0 = Release|Any CPU
		{D89EFDC3-9EF5-4F8D-9612-133CE1F6F8A7}.Debug|Any CPU.ActiveCfg = Debug|Any CPU
		{D89EFDC3-9EF5-4F8D-9612-133CE1F6F8A7}.Debug|Any CPU.Build.0 = Debug|Any CPU
		{D89EFDC3-9EF5-4F8D-9612-133CE1F6F8A7}.Debug|x86.ActiveCfg = Debug|Any CPU
		{D89EFDC3-9EF5-4F8D-9612-133CE1F6F8A7}.Debug|x86.Build.0 = Debug|Any CPU
		{D89EFDC3-9EF5-4F8D-9612-133CE1F6F8A7}.Release|Any CPU.ActiveCfg = Release|Any CPU
		{D89EFDC3-9EF5-4F8D-9612-133CE1F6F8A7}.Release|Any CPU.Build.0 = Release|Any CPU
		{D89EFDC3-9EF5-4F8D-9612-133CE1F6F8A7}.Release|x86.ActiveCfg = Release|Any CPU
		{D89EFDC3-9EF5-4F8D-9612-133CE1F6F8A7}.Release|x86.Build.0 = Release|Any CPU
		{FF66A465-A45B-4129-B159-9385A685481A}.Debug|Any CPU.ActiveCfg = Debug|Any CPU
		{FF66A465-A45B-4129-B159-9385A685481A}.Debug|Any CPU.Build.0 = Debug|Any CPU
		{FF66A465-A45B-4129-B159-9385A685481A}.Debug|x86.ActiveCfg = Debug|Any CPU
		{FF66A465-A45B-4129-B159-9385A685481A}.Debug|x86.Build.0 = Debug|Any CPU
		{FF66A465-A45B-4129-B159-9385A685481A}.Release|Any CPU.ActiveCfg = Release|Any CPU
		{FF66A465-A45B-4129-B159-9385A685481A}.Release|Any CPU.Build.0 = Release|Any CPU
		{FF66A465-A45B-4129-B159-9385A685481A}.Release|x86.ActiveCfg = Release|Any CPU
		{FF66A465-A45B-4129-B159-9385A685481A}.Release|x86.Build.0 = Release|Any CPU
		{B17A0FB8-AE2A-4E90-8635-5D779F546402}.Debug|Any CPU.ActiveCfg = Debug|Any CPU
		{B17A0FB8-AE2A-4E90-8635-5D779F546402}.Debug|Any CPU.Build.0 = Debug|Any CPU
		{B17A0FB8-AE2A-4E90-8635-5D779F546402}.Debug|x86.ActiveCfg = Debug|x86
		{B17A0FB8-AE2A-4E90-8635-5D779F546402}.Debug|x86.Build.0 = Debug|x86
		{B17A0FB8-AE2A-4E90-8635-5D779F546402}.Release|Any CPU.ActiveCfg = Release|Any CPU
		{B17A0FB8-AE2A-4E90-8635-5D779F546402}.Release|Any CPU.Build.0 = Release|Any CPU
		{B17A0FB8-AE2A-4E90-8635-5D779F546402}.Release|x86.ActiveCfg = Release|x86
		{B17A0FB8-AE2A-4E90-8635-5D779F546402}.Release|x86.Build.0 = Release|x86
		{93DFE236-1BE9-40EE-938E-BCC7C6EEF9CF}.Debug|Any CPU.ActiveCfg = Debug|Any CPU
		{93DFE236-1BE9-40EE-938E-BCC7C6EEF9CF}.Debug|Any CPU.Build.0 = Debug|Any CPU
		{93DFE236-1BE9-40EE-938E-BCC7C6EEF9CF}.Debug|x86.ActiveCfg = Debug|Any CPU
		{93DFE236-1BE9-40EE-938E-BCC7C6EEF9CF}.Debug|x86.Build.0 = Debug|Any CPU
		{93DFE236-1BE9-40EE-938E-BCC7C6EEF9CF}.Release|Any CPU.ActiveCfg = Release|Any CPU
		{93DFE236-1BE9-40EE-938E-BCC7C6EEF9CF}.Release|Any CPU.Build.0 = Release|Any CPU
		{93DFE236-1BE9-40EE-938E-BCC7C6EEF9CF}.Release|x86.ActiveCfg = Release|Any CPU
		{93DFE236-1BE9-40EE-938E-BCC7C6EEF9CF}.Release|x86.Build.0 = Release|Any CPU
		{B04D836B-3504-45F0-8EB4-AAC561C5E4FD}.Debug|Any CPU.ActiveCfg = Debug|Any CPU
		{B04D836B-3504-45F0-8EB4-AAC561C5E4FD}.Debug|Any CPU.Build.0 = Debug|Any CPU
		{B04D836B-3504-45F0-8EB4-AAC561C5E4FD}.Debug|x86.ActiveCfg = Debug|Any CPU
		{B04D836B-3504-45F0-8EB4-AAC561C5E4FD}.Debug|x86.Build.0 = Debug|Any CPU
		{B04D836B-3504-45F0-8EB4-AAC561C5E4FD}.Release|Any CPU.ActiveCfg = Release|Any CPU
		{B04D836B-3504-45F0-8EB4-AAC561C5E4FD}.Release|Any CPU.Build.0 = Release|Any CPU
		{B04D836B-3504-45F0-8EB4-AAC561C5E4FD}.Release|x86.ActiveCfg = Release|Any CPU
		{B04D836B-3504-45F0-8EB4-AAC561C5E4FD}.Release|x86.Build.0 = Release|Any CPU
		{32E5BBB2-84EB-4847-9E85-DC3652A841FF}.Debug|Any CPU.ActiveCfg = Debug|Any CPU
		{32E5BBB2-84EB-4847-9E85-DC3652A841FF}.Debug|Any CPU.Build.0 = Debug|Any CPU
		{32E5BBB2-84EB-4847-9E85-DC3652A841FF}.Debug|x86.ActiveCfg = Debug|Any CPU
		{32E5BBB2-84EB-4847-9E85-DC3652A841FF}.Debug|x86.Build.0 = Debug|Any CPU
		{32E5BBB2-84EB-4847-9E85-DC3652A841FF}.Release|Any CPU.ActiveCfg = Release|Any CPU
		{32E5BBB2-84EB-4847-9E85-DC3652A841FF}.Release|Any CPU.Build.0 = Release|Any CPU
		{32E5BBB2-84EB-4847-9E85-DC3652A841FF}.Release|x86.ActiveCfg = Release|Any CPU
		{32E5BBB2-84EB-4847-9E85-DC3652A841FF}.Release|x86.Build.0 = Release|Any CPU
		{EDFA6C05-677C-410B-B510-27F14B9B4E20}.Debug|Any CPU.ActiveCfg = Debug|Any CPU
		{EDFA6C05-677C-410B-B510-27F14B9B4E20}.Debug|Any CPU.Build.0 = Debug|Any CPU
		{EDFA6C05-677C-410B-B510-27F14B9B4E20}.Debug|x86.ActiveCfg = Debug|Any CPU
		{EDFA6C05-677C-410B-B510-27F14B9B4E20}.Debug|x86.Build.0 = Debug|Any CPU
		{EDFA6C05-677C-410B-B510-27F14B9B4E20}.Release|Any CPU.ActiveCfg = Release|Any CPU
		{EDFA6C05-677C-410B-B510-27F14B9B4E20}.Release|Any CPU.Build.0 = Release|Any CPU
		{EDFA6C05-677C-410B-B510-27F14B9B4E20}.Release|x86.ActiveCfg = Release|Any CPU
		{EDFA6C05-677C-410B-B510-27F14B9B4E20}.Release|x86.Build.0 = Release|Any CPU
		{C13F5E78-1CDD-48F9-ADDD-CFB79F2A9155}.Debug|Any CPU.ActiveCfg = Debug|Any CPU
		{C13F5E78-1CDD-48F9-ADDD-CFB79F2A9155}.Debug|Any CPU.Build.0 = Debug|Any CPU
		{C13F5E78-1CDD-48F9-ADDD-CFB79F2A9155}.Debug|x86.ActiveCfg = Debug|Any CPU
		{C13F5E78-1CDD-48F9-ADDD-CFB79F2A9155}.Debug|x86.Build.0 = Debug|Any CPU
		{C13F5E78-1CDD-48F9-ADDD-CFB79F2A9155}.Release|Any CPU.ActiveCfg = Release|Any CPU
		{C13F5E78-1CDD-48F9-ADDD-CFB79F2A9155}.Release|Any CPU.Build.0 = Release|Any CPU
		{C13F5E78-1CDD-48F9-ADDD-CFB79F2A9155}.Release|x86.ActiveCfg = Release|Any CPU
		{C13F5E78-1CDD-48F9-ADDD-CFB79F2A9155}.Release|x86.Build.0 = Release|Any CPU
		{95212699-0E82-40A4-907C-E348A58F6ADE}.Debug|Any CPU.ActiveCfg = Debug|Any CPU
		{95212699-0E82-40A4-907C-E348A58F6ADE}.Debug|Any CPU.Build.0 = Debug|Any CPU
		{95212699-0E82-40A4-907C-E348A58F6ADE}.Debug|x86.ActiveCfg = Debug|Any CPU
		{95212699-0E82-40A4-907C-E348A58F6ADE}.Debug|x86.Build.0 = Debug|Any CPU
		{95212699-0E82-40A4-907C-E348A58F6ADE}.Release|Any CPU.ActiveCfg = Release|Any CPU
		{95212699-0E82-40A4-907C-E348A58F6ADE}.Release|Any CPU.Build.0 = Release|Any CPU
		{95212699-0E82-40A4-907C-E348A58F6ADE}.Release|x86.ActiveCfg = Release|Any CPU
		{95212699-0E82-40A4-907C-E348A58F6ADE}.Release|x86.Build.0 = Release|Any CPU
		{594E745B-CC1E-4BA2-A2D6-BED7FE44B5D2}.Debug|Any CPU.ActiveCfg = Debug|Any CPU
		{594E745B-CC1E-4BA2-A2D6-BED7FE44B5D2}.Debug|Any CPU.Build.0 = Debug|Any CPU
		{594E745B-CC1E-4BA2-A2D6-BED7FE44B5D2}.Debug|x86.ActiveCfg = Debug|Any CPU
		{594E745B-CC1E-4BA2-A2D6-BED7FE44B5D2}.Debug|x86.Build.0 = Debug|Any CPU
		{594E745B-CC1E-4BA2-A2D6-BED7FE44B5D2}.Release|Any CPU.ActiveCfg = Release|Any CPU
		{594E745B-CC1E-4BA2-A2D6-BED7FE44B5D2}.Release|Any CPU.Build.0 = Release|Any CPU
		{594E745B-CC1E-4BA2-A2D6-BED7FE44B5D2}.Release|x86.ActiveCfg = Release|Any CPU
		{594E745B-CC1E-4BA2-A2D6-BED7FE44B5D2}.Release|x86.Build.0 = Release|Any CPU
		{D2ED2231-2234-4AE8-8BEF-4B77D04B3390}.Debug|Any CPU.ActiveCfg = Debug|Any CPU
		{D2ED2231-2234-4AE8-8BEF-4B77D04B3390}.Debug|Any CPU.Build.0 = Debug|Any CPU
		{D2ED2231-2234-4AE8-8BEF-4B77D04B3390}.Debug|x86.ActiveCfg = Debug|Any CPU
		{D2ED2231-2234-4AE8-8BEF-4B77D04B3390}.Debug|x86.Build.0 = Debug|Any CPU
		{D2ED2231-2234-4AE8-8BEF-4B77D04B3390}.Release|Any CPU.ActiveCfg = Release|Any CPU
		{D2ED2231-2234-4AE8-8BEF-4B77D04B3390}.Release|Any CPU.Build.0 = Release|Any CPU
		{D2ED2231-2234-4AE8-8BEF-4B77D04B3390}.Release|x86.ActiveCfg = Release|Any CPU
		{D2ED2231-2234-4AE8-8BEF-4B77D04B3390}.Release|x86.Build.0 = Release|Any CPU
		{441E9F61-FCD4-44DA-A9F4-7124E1214C55}.Debug|Any CPU.ActiveCfg = Debug|Any CPU
		{441E9F61-FCD4-44DA-A9F4-7124E1214C55}.Debug|Any CPU.Build.0 = Debug|Any CPU
		{441E9F61-FCD4-44DA-A9F4-7124E1214C55}.Debug|x86.ActiveCfg = Debug|Any CPU
		{441E9F61-FCD4-44DA-A9F4-7124E1214C55}.Debug|x86.Build.0 = Debug|Any CPU
		{441E9F61-FCD4-44DA-A9F4-7124E1214C55}.Release|Any CPU.ActiveCfg = Release|Any CPU
		{441E9F61-FCD4-44DA-A9F4-7124E1214C55}.Release|Any CPU.Build.0 = Release|Any CPU
		{441E9F61-FCD4-44DA-A9F4-7124E1214C55}.Release|x86.ActiveCfg = Release|Any CPU
		{441E9F61-FCD4-44DA-A9F4-7124E1214C55}.Release|x86.Build.0 = Release|Any CPU
		{4E33E782-F37F-40C8-8D0D-D281A5A0EBA2}.Debug|Any CPU.ActiveCfg = Debug|Any CPU
		{4E33E782-F37F-40C8-8D0D-D281A5A0EBA2}.Debug|Any CPU.Build.0 = Debug|Any CPU
		{4E33E782-F37F-40C8-8D0D-D281A5A0EBA2}.Debug|x86.ActiveCfg = Debug|Any CPU
		{4E33E782-F37F-40C8-8D0D-D281A5A0EBA2}.Debug|x86.Build.0 = Debug|Any CPU
		{4E33E782-F37F-40C8-8D0D-D281A5A0EBA2}.Release|Any CPU.ActiveCfg = Release|Any CPU
		{4E33E782-F37F-40C8-8D0D-D281A5A0EBA2}.Release|Any CPU.Build.0 = Release|Any CPU
		{4E33E782-F37F-40C8-8D0D-D281A5A0EBA2}.Release|x86.ActiveCfg = Release|Any CPU
		{4E33E782-F37F-40C8-8D0D-D281A5A0EBA2}.Release|x86.Build.0 = Release|Any CPU
		{D9AA545D-FE15-4AE3-AF1D-53573A0877A6}.Debug|Any CPU.ActiveCfg = Debug|Any CPU
		{D9AA545D-FE15-4AE3-AF1D-53573A0877A6}.Debug|Any CPU.Build.0 = Debug|Any CPU
		{D9AA545D-FE15-4AE3-AF1D-53573A0877A6}.Debug|x86.ActiveCfg = Debug|Any CPU
		{D9AA545D-FE15-4AE3-AF1D-53573A0877A6}.Debug|x86.Build.0 = Debug|Any CPU
		{D9AA545D-FE15-4AE3-AF1D-53573A0877A6}.Release|Any CPU.ActiveCfg = Release|Any CPU
		{D9AA545D-FE15-4AE3-AF1D-53573A0877A6}.Release|Any CPU.Build.0 = Release|Any CPU
		{D9AA545D-FE15-4AE3-AF1D-53573A0877A6}.Release|x86.ActiveCfg = Release|Any CPU
		{D9AA545D-FE15-4AE3-AF1D-53573A0877A6}.Release|x86.Build.0 = Release|Any CPU
		{A5EF4AED-DA48-4D33-BC17-D302B3E46DE3}.Debug|Any CPU.ActiveCfg = Debug|Any CPU
		{A5EF4AED-DA48-4D33-BC17-D302B3E46DE3}.Debug|Any CPU.Build.0 = Debug|Any CPU
		{A5EF4AED-DA48-4D33-BC17-D302B3E46DE3}.Debug|x86.ActiveCfg = Debug|Any CPU
		{A5EF4AED-DA48-4D33-BC17-D302B3E46DE3}.Debug|x86.Build.0 = Debug|Any CPU
		{A5EF4AED-DA48-4D33-BC17-D302B3E46DE3}.Release|Any CPU.ActiveCfg = Release|Any CPU
		{A5EF4AED-DA48-4D33-BC17-D302B3E46DE3}.Release|Any CPU.Build.0 = Release|Any CPU
		{A5EF4AED-DA48-4D33-BC17-D302B3E46DE3}.Release|x86.ActiveCfg = Release|Any CPU
		{A5EF4AED-DA48-4D33-BC17-D302B3E46DE3}.Release|x86.Build.0 = Release|Any CPU
		{B913C6F2-9AE8-47F3-87A0-F26D2323E0A5}.Debug|Any CPU.ActiveCfg = Debug|Any CPU
		{B913C6F2-9AE8-47F3-87A0-F26D2323E0A5}.Debug|Any CPU.Build.0 = Debug|Any CPU
		{B913C6F2-9AE8-47F3-87A0-F26D2323E0A5}.Debug|x86.ActiveCfg = Debug|Any CPU
		{B913C6F2-9AE8-47F3-87A0-F26D2323E0A5}.Debug|x86.Build.0 = Debug|Any CPU
		{B913C6F2-9AE8-47F3-87A0-F26D2323E0A5}.Release|Any CPU.ActiveCfg = Release|Any CPU
		{B913C6F2-9AE8-47F3-87A0-F26D2323E0A5}.Release|Any CPU.Build.0 = Release|Any CPU
		{B913C6F2-9AE8-47F3-87A0-F26D2323E0A5}.Release|x86.ActiveCfg = Release|Any CPU
		{B913C6F2-9AE8-47F3-87A0-F26D2323E0A5}.Release|x86.Build.0 = Release|Any CPU
		{81DBD0F8-2FBA-4FC4-AEE5-837C36E67530}.Debug|Any CPU.ActiveCfg = Debug|Any CPU
		{81DBD0F8-2FBA-4FC4-AEE5-837C36E67530}.Debug|Any CPU.Build.0 = Debug|Any CPU
		{81DBD0F8-2FBA-4FC4-AEE5-837C36E67530}.Debug|x86.ActiveCfg = Debug|Any CPU
		{81DBD0F8-2FBA-4FC4-AEE5-837C36E67530}.Debug|x86.Build.0 = Debug|Any CPU
		{81DBD0F8-2FBA-4FC4-AEE5-837C36E67530}.Release|Any CPU.ActiveCfg = Release|Any CPU
		{81DBD0F8-2FBA-4FC4-AEE5-837C36E67530}.Release|Any CPU.Build.0 = Release|Any CPU
		{81DBD0F8-2FBA-4FC4-AEE5-837C36E67530}.Release|x86.ActiveCfg = Release|Any CPU
		{81DBD0F8-2FBA-4FC4-AEE5-837C36E67530}.Release|x86.Build.0 = Release|Any CPU
		{1635A5DB-6336-4AD5-AA87-AA568E352DA8}.Debug|Any CPU.ActiveCfg = Debug|Any CPU
		{1635A5DB-6336-4AD5-AA87-AA568E352DA8}.Debug|Any CPU.Build.0 = Debug|Any CPU
		{1635A5DB-6336-4AD5-AA87-AA568E352DA8}.Debug|x86.ActiveCfg = Debug|Any CPU
		{1635A5DB-6336-4AD5-AA87-AA568E352DA8}.Debug|x86.Build.0 = Debug|Any CPU
		{1635A5DB-6336-4AD5-AA87-AA568E352DA8}.Release|Any CPU.ActiveCfg = Release|Any CPU
		{1635A5DB-6336-4AD5-AA87-AA568E352DA8}.Release|Any CPU.Build.0 = Release|Any CPU
		{1635A5DB-6336-4AD5-AA87-AA568E352DA8}.Release|x86.ActiveCfg = Release|Any CPU
		{1635A5DB-6336-4AD5-AA87-AA568E352DA8}.Release|x86.Build.0 = Release|Any CPU
		{517CBACC-CA27-4110-8939-5F36F3F695B2}.Debug|Any CPU.ActiveCfg = Debug|Any CPU
		{517CBACC-CA27-4110-8939-5F36F3F695B2}.Debug|Any CPU.Build.0 = Debug|Any CPU
		{517CBACC-CA27-4110-8939-5F36F3F695B2}.Debug|x86.ActiveCfg = Debug|Any CPU
		{517CBACC-CA27-4110-8939-5F36F3F695B2}.Debug|x86.Build.0 = Debug|Any CPU
		{517CBACC-CA27-4110-8939-5F36F3F695B2}.Release|Any CPU.ActiveCfg = Release|Any CPU
		{517CBACC-CA27-4110-8939-5F36F3F695B2}.Release|Any CPU.Build.0 = Release|Any CPU
		{517CBACC-CA27-4110-8939-5F36F3F695B2}.Release|x86.ActiveCfg = Release|Any CPU
		{517CBACC-CA27-4110-8939-5F36F3F695B2}.Release|x86.Build.0 = Release|Any CPU
		{F17FB7CC-0C5B-46F0-9994-7E8BDC2B4501}.Debug|Any CPU.ActiveCfg = Debug|Any CPU
		{F17FB7CC-0C5B-46F0-9994-7E8BDC2B4501}.Debug|Any CPU.Build.0 = Debug|Any CPU
		{F17FB7CC-0C5B-46F0-9994-7E8BDC2B4501}.Debug|x86.ActiveCfg = Debug|Any CPU
		{F17FB7CC-0C5B-46F0-9994-7E8BDC2B4501}.Debug|x86.Build.0 = Debug|Any CPU
		{F17FB7CC-0C5B-46F0-9994-7E8BDC2B4501}.Release|Any CPU.ActiveCfg = Release|Any CPU
		{F17FB7CC-0C5B-46F0-9994-7E8BDC2B4501}.Release|Any CPU.Build.0 = Release|Any CPU
		{F17FB7CC-0C5B-46F0-9994-7E8BDC2B4501}.Release|x86.ActiveCfg = Release|Any CPU
		{F17FB7CC-0C5B-46F0-9994-7E8BDC2B4501}.Release|x86.Build.0 = Release|Any CPU
	EndGlobalSection
	GlobalSection(SolutionProperties) = preSolution
		HideSolutionNode = FALSE
	EndGlobalSection
	GlobalSection(ExtensibilityGlobals) = postSolution
		SolutionGuid = {3E055EE7-36AF-40AA-BF64-64EF962E31AF}
	EndGlobalSection
EndGlobal
